
Microsoft Visual Studio Solution File, Format Version 12.00
# Visual Studio Version 17
VisualStudioVersion = 17.5.33516.290
MinimumVisualStudioVersion = 10.0.40219.1
Project("{8BC9CEB8-8B4A-11D0-8D11-00A0C91BC942}") = "Client", "Client\Client.vcxproj", "{D4BD055B-ED6D-4869-855C-8B57855AEC9D}"
EndProject
Project("{8BC9CEB8-8B4A-11D0-8D11-00A0C91BC942}") = "Engine_SOURCE", "Engine_SOURCE\Engine_SOURCE.vcxproj", "{A1D17965-8B51-4D5B-AFB2-B02E9133F815}"
EndProject
Project("{8BC9CEB8-8B4A-11D0-8D11-00A0C91BC942}") = "Shader_SOURCE", "Shader_SOURCE\Shader_SOURCE.vcxitems", "{9F0A22F9-BF80-4FD4-A441-6F7EB17E51D4}"
EndProject
Global
	GlobalSection(SolutionConfigurationPlatforms) = preSolution
		Debug|x64 = Debug|x64
		Debug|x86 = Debug|x86
		Release|x64 = Release|x64
		Release|x86 = Release|x86
	EndGlobalSection
	GlobalSection(ProjectConfigurationPlatforms) = postSolution
		{D4BD055B-ED6D-4869-855C-8B57855AEC9D}.Debug|x64.ActiveCfg = Debug|x64
		{D4BD055B-ED6D-4869-855C-8B57855AEC9D}.Debug|x64.Build.0 = Debug|x64
		{D4BD055B-ED6D-4869-855C-8B57855AEC9D}.Debug|x86.ActiveCfg = Debug|Win32
		{D4BD055B-ED6D-4869-855C-8B57855AEC9D}.Debug|x86.Build.0 = Debug|Win32
		{D4BD055B-ED6D-4869-855C-8B57855AEC9D}.Release|x64.ActiveCfg = Release|x64
		{D4BD055B-ED6D-4869-855C-8B57855AEC9D}.Release|x64.Build.0 = Release|x64
		{D4BD055B-ED6D-4869-855C-8B57855AEC9D}.Release|x86.ActiveCfg = Release|Win32
		{D4BD055B-ED6D-4869-855C-8B57855AEC9D}.Release|x86.Build.0 = Release|Win32
		{A1D17965-8B51-4D5B-AFB2-B02E9133F815}.Debug|x64.ActiveCfg = Debug|x64
		{A1D17965-8B51-4D5B-AFB2-B02E9133F815}.Debug|x64.Build.0 = Debug|x64
		{A1D17965-8B51-4D5B-AFB2-B02E9133F815}.Debug|x86.ActiveCfg = Debug|Win32
		{A1D17965-8B51-4D5B-AFB2-B02E9133F815}.Debug|x86.Build.0 = Debug|Win32
		{A1D17965-8B51-4D5B-AFB2-B02E9133F815}.Release|x64.ActiveCfg = Release|x64
		{A1D17965-8B51-4D5B-AFB2-B02E9133F815}.Release|x64.Build.0 = Release|x64
		{A1D17965-8B51-4D5B-AFB2-B02E9133F815}.Release|x86.ActiveCfg = Release|Win32
		{A1D17965-8B51-4D5B-AFB2-B02E9133F815}.Release|x86.Build.0 = Release|Win32
	EndGlobalSection
	GlobalSection(SolutionProperties) = preSolution
		HideSolutionNode = FALSE
	EndGlobalSection
	GlobalSection(ExtensibilityGlobals) = postSolution
		SolutionGuid = {DAF9CE89-23A6-4DA5-8620-47DD27BC951D}
	EndGlobalSection
EndGlobal
