<?xml version="1.0" encoding="utf-8"?>
<Project ToolsVersion="4.0" xmlns="http://schemas.microsoft.com/developer/msbuild/2003">
  <ItemGroup>
    <ClInclude Include="framework.h" />
    <ClInclude Include="Load.h">
      <Filter>Contents\Load</Filter>
    </ClInclude>
    <ClInclude Include="sszCameraScript.h">
      <Filter>Contents\CommonScript\Camera</Filter>
    </ClInclude>
    <ClInclude Include="sszArrangementScript.h">
      <Filter>Contents\CommonScript\Arrangement</Filter>
    </ClInclude>
    <ClInclude Include="sszTitleScene.h">
      <Filter>Contents\Scene\1. Title</Filter>
    </ClInclude>
    <ClInclude Include="sszCursorScript.h">
      <Filter>Contents\CommonScript\CursorScript</Filter>
    </ClInclude>
    <ClInclude Include="sszTestScene.h">
      <Filter>Contents\Scene\0. TestScene</Filter>
    </ClInclude>
    <ClInclude Include="sszMasking.h">
      <Filter>Contents\CommonScript\Masking</Filter>
    </ClInclude>
    <ClInclude Include="CommonHeader.h">
      <Filter>Common</Filter>
    </ClInclude>
    <ClInclude Include="CommonObjHeader.h">
      <Filter>Common</Filter>
    </ClInclude>
    <ClInclude Include="sszDefaultBtn.h">
      <Filter>Contents\Object\UI\Button\DefaultBtn</Filter>
    </ClInclude>
    <ClInclude Include="sszImportantBtn.h">
      <Filter>Contents\Object\UI\Button\InportantBtn</Filter>
    </ClInclude>
    <ClInclude Include="sszMainLobbyScene.h">
      <Filter>Contents\Scene\3. MainLobby</Filter>
    </ClInclude>
    <ClInclude Include="sszLobbyMenuBtn.h">
      <Filter>Contents\Object\UI\Button\LobbyMenuBtn</Filter>
    </ClInclude>
    <ClInclude Include="sszProceedBtn.h">
      <Filter>Contents\Object\UI\Button\ProceedBtn</Filter>
    </ClInclude>
    <ClInclude Include="sszWeeklyEventBtn.h">
      <Filter>Contents\Object\UI\Button\WeeklyEventBtn</Filter>
    </ClInclude>
    <ClInclude Include="sszLobbyHeader.h">
      <Filter>Contents\Object\UI\HeaderUI\Lobby</Filter>
    </ClInclude>
    <ClInclude Include="sszHeaderSlot.h">
      <Filter>Contents\Object\UI\Slot\LobbyHeaderSlot</Filter>
    </ClInclude>
    <ClInclude Include="sszNewGameWindow.h">
      <Filter>Contents\Object\UI\Window\NewGame</Filter>
    </ClInclude>
    <ClInclude Include="sszStadiumScene.h">
      <Filter>Contents\Scene\4. Stadium</Filter>
    </ClInclude>
    <ClInclude Include="sszLineUpWindow.h">
      <Filter>Contents\Object\UI\Window\LineUp</Filter>
    </ClInclude>
    <ClInclude Include="sszLineUpTeamTitle.h">
      <Filter>Contents\Object\UI\Slot\LineUpTeamTitle</Filter>
    </ClInclude>
    <ClInclude Include="sszPlayerCardBtn.h">
      <Filter>Contents\Object\UI\Button\PlayerCardBtn</Filter>
    </ClInclude>
    <ClInclude Include="sszPlayerCardSlot.h">
      <Filter>Contents\Object\UI\Slot\PlayerCard</Filter>
    </ClInclude>
    <ClInclude Include="sszBattleHeader.h">
      <Filter>Contents\Object\UI\HeaderUI\Battle</Filter>
    </ClInclude>
    <ClInclude Include="sszBanPickStat.h">
      <Filter>Contents\Object\UI\Slot\BanpickStat</Filter>
    </ClInclude>
    <ClInclude Include="sszBanPickScene.h">
      <Filter>Contents\Scene\5. Banpick</Filter>
    </ClInclude>
    <ClInclude Include="sszBanLine.h">
      <Filter>Contents\Object\UI\Line\BanLine</Filter>
    </ClInclude>
    <ClInclude Include="sszStatIcon.h">
      <Filter>Contents\Object\UI\Icon\StatIcon</Filter>
    </ClInclude>
    <ClInclude Include="GameEnums.h">
      <Filter>Common</Filter>
    </ClInclude>
    <ClInclude Include="sszBanpickClassTap.h">
      <Filter>Contents\Object\UI\Button\BanpickClassTap</Filter>
    </ClInclude>
    <ClInclude Include="sszIGStadiumScene.h">
      <Filter>Contents\Scene\6. IGStadium</Filter>
    </ClInclude>
    <ClInclude Include="sszChamp.h">
      <Filter>Contents\Object\Champ\Base</Filter>
    </ClInclude>
    <ClInclude Include="sszObj_IG_Stadium.h">
      <Filter>Contents\Object\GameObject\BackGround\IG_Stadium</Filter>
    </ClInclude>
    <ClInclude Include="sszObj_Waterfall.h">
      <Filter>Contents\Object\GameObject\BackGround\Waterfall</Filter>
    </ClInclude>
    <ClInclude Include="sszChamp_Archer.h">
      <Filter>Contents\Object\Champ\C_Archer</Filter>
    </ClInclude>
    <ClInclude Include="sszScript_Archer.h">
      <Filter>Contents\Object\Champ\C_Archer\Script</Filter>
    </ClInclude>
    <ClInclude Include="ChampList.h">
      <Filter>Common</Filter>
    </ClInclude>
    <ClInclude Include="sszChamp_Knight.h">
      <Filter>Contents\Object\Champ\C_Knight</Filter>
    </ClInclude>
    <ClInclude Include="sszScript_Knight.h">
      <Filter>Contents\Object\Champ\C_Knight\Script</Filter>
    </ClInclude>
    <ClInclude Include="CommonDefine.h">
      <Filter>Common</Filter>
    </ClInclude>
    <ClInclude Include="sszColObj.h">
      <Filter>Contents\Object\Champ\Base</Filter>
    </ClInclude>
    <ClInclude Include="sszBattleManager.h">
      <Filter>Contents\Manager\BattleManager</Filter>
    </ClInclude>
    <ClInclude Include="sszDataManager.h" />
    <ClInclude Include="sszPilot.h" />
    <ClInclude Include="sszTeam.h" />
  </ItemGroup>
  <ItemGroup>
    <ClCompile Include="660Engine.cpp" />
    <ClCompile Include="sszCameraScript.cpp">
      <Filter>Contents\CommonScript\Camera</Filter>
    </ClCompile>
    <ClCompile Include="sszArrangementScript.cpp">
      <Filter>Contents\CommonScript\Arrangement</Filter>
    </ClCompile>
    <ClCompile Include="sszTitleScene.cpp">
      <Filter>Contents\Scene\1. Title</Filter>
    </ClCompile>
    <ClCompile Include="sszCursorScript.cpp">
      <Filter>Contents\CommonScript\CursorScript</Filter>
    </ClCompile>
    <ClCompile Include="sszTestScene.cpp">
      <Filter>Contents\Scene\0. TestScene</Filter>
    </ClCompile>
    <ClCompile Include="Load.cpp">
      <Filter>Contents\Load</Filter>
    </ClCompile>
    <ClCompile Include="sszMasking.cpp">
      <Filter>Contents\CommonScript\Masking</Filter>
    </ClCompile>
    <ClCompile Include="sszDefaultBtn.cpp">
      <Filter>Contents\Object\UI\Button\DefaultBtn</Filter>
    </ClCompile>
    <ClCompile Include="sszImportantBtn.cpp">
      <Filter>Contents\Object\UI\Button\InportantBtn</Filter>
    </ClCompile>
    <ClCompile Include="sszMainLobbyScene.cpp">
      <Filter>Contents\Scene\3. MainLobby</Filter>
    </ClCompile>
    <ClCompile Include="sszLobbyMenuBtn.cpp">
      <Filter>Contents\Object\UI\Button\LobbyMenuBtn</Filter>
    </ClCompile>
    <ClCompile Include="sszProceedBtn.cpp">
      <Filter>Contents\Object\UI\Button\ProceedBtn</Filter>
    </ClCompile>
    <ClCompile Include="sszWeeklyEventBtn.cpp">
      <Filter>Contents\Object\UI\Button\WeeklyEventBtn</Filter>
    </ClCompile>
    <ClCompile Include="sszLobbyHeader.cpp">
      <Filter>Contents\Object\UI\HeaderUI\Lobby</Filter>
    </ClCompile>
    <ClCompile Include="sszHeaderSlot.cpp">
      <Filter>Contents\Object\UI\Slot\LobbyHeaderSlot</Filter>
    </ClCompile>
    <ClCompile Include="sszNewGameWindow.cpp">
      <Filter>Contents\Object\UI\Window\NewGame</Filter>
    </ClCompile>
    <ClCompile Include="sszStadiumScene.cpp">
      <Filter>Contents\Scene\4. Stadium</Filter>
    </ClCompile>
    <ClCompile Include="sszLineUpWindow.cpp">
      <Filter>Contents\Object\UI\Window\LineUp</Filter>
    </ClCompile>
    <ClCompile Include="sszLineUpTeamTitle.cpp">
      <Filter>Contents\Object\UI\Slot\LineUpTeamTitle</Filter>
    </ClCompile>
    <ClCompile Include="sszPlayerCardBtn.cpp">
      <Filter>Contents\Object\UI\Button\PlayerCardBtn</Filter>
    </ClCompile>
    <ClCompile Include="sszPlayerCardSlot.cpp">
      <Filter>Contents\Object\UI\Slot\PlayerCard</Filter>
    </ClCompile>
    <ClCompile Include="sszBattleHeader.cpp">
      <Filter>Contents\Object\UI\HeaderUI\Battle</Filter>
    </ClCompile>
    <ClCompile Include="sszBanPickStat.cpp">
      <Filter>Contents\Object\UI\Slot\BanpickStat</Filter>
    </ClCompile>
    <ClCompile Include="sszBanPickScene.cpp">
      <Filter>Contents\Scene\5. Banpick</Filter>
    </ClCompile>
    <ClCompile Include="sszBanLine.cpp">
      <Filter>Contents\Object\UI\Line\BanLine</Filter>
    </ClCompile>
    <ClCompile Include="sszStatIcon.cpp">
      <Filter>Contents\Object\UI\Icon\StatIcon</Filter>
    </ClCompile>
    <ClCompile Include="sszBanpickClassTap.cpp">
      <Filter>Contents\Object\UI\Button\BanpickClassTap</Filter>
    </ClCompile>
    <ClCompile Include="sszIGStadiumScene.cpp">
      <Filter>Contents\Scene\6. IGStadium</Filter>
    </ClCompile>
    <ClCompile Include="sszChamp.cpp">
      <Filter>Contents\Object\Champ\Base</Filter>
    </ClCompile>
    <ClCompile Include="sszObj_IG_Stadium.cpp">
      <Filter>Contents\Object\GameObject\BackGround\IG_Stadium</Filter>
    </ClCompile>
    <ClCompile Include="sszObj_Waterfall.cpp">
      <Filter>Contents\Object\GameObject\BackGround\Waterfall</Filter>
    </ClCompile>
    <ClCompile Include="sszChamp_Archer.cpp">
      <Filter>Contents\Object\Champ\C_Archer</Filter>
    </ClCompile>
    <ClCompile Include="sszScript_Archer.cpp">
      <Filter>Contents\Object\Champ\C_Archer\Script</Filter>
    </ClCompile>
    <ClCompile Include="sszChamp_Knight.cpp">
      <Filter>Contents\Object\Champ\C_Knight</Filter>
    </ClCompile>
    <ClCompile Include="sszScript_Knight.cpp">
      <Filter>Contents\Object\Champ\C_Knight\Script</Filter>
    </ClCompile>
    <ClCompile Include="sszCommonBT.cpp">
      <Filter>Contents\Object\Champ\CommonBT</Filter>
    </ClCompile>
    <ClCompile Include="sszTestBt.cpp">
      <Filter>Contents\Object\Champ\CommonBT</Filter>
    </ClCompile>
    <ClCompile Include="sszColObj.cpp">
      <Filter>Contents\Object\Champ\Base</Filter>
    </ClCompile>
    <ClCompile Include="sszBattleManager.cpp">
      <Filter>Contents\Manager\BattleManager</Filter>
    </ClCompile>
    <ClCompile Include="sszDataManager.cpp" />
    <ClCompile Include="sszPilot.cpp" />
    <ClCompile Include="sszTeam.cpp" />
  </ItemGroup>
  <ItemGroup>
    <Filter Include="Contents">
      <UniqueIdentifier>{b8655c56-a3c2-406d-871d-d73f4d0ea2b8}</UniqueIdentifier>
    </Filter>
    <Filter Include="Contents\Load">
      <UniqueIdentifier>{57d2f4aa-3152-4ae1-8282-a3ba908a4ae2}</UniqueIdentifier>
    </Filter>
    <Filter Include="Contents\Scene">
      <UniqueIdentifier>{b7ad5cba-665c-4e9a-b881-4a85724f2793}</UniqueIdentifier>
    </Filter>
    <Filter Include="Common">
      <UniqueIdentifier>{35f42c5c-3c5e-4748-b50a-15d7a7f511a2}</UniqueIdentifier>
    </Filter>
    <Filter Include="Contents\Scene\0. TestScene">
      <UniqueIdentifier>{a1829e6a-36d3-4f4f-b507-2f1e50fa637b}</UniqueIdentifier>
    </Filter>
    <Filter Include="Contents\Scene\1. Title">
      <UniqueIdentifier>{9a216870-610a-4d23-a309-e1ab936e847b}</UniqueIdentifier>
    </Filter>
    <Filter Include="Contents\Scene\2. Prlg">
      <UniqueIdentifier>{46c32d6a-9e33-4f3b-9d31-1d46a507cc7c}</UniqueIdentifier>
    </Filter>
    <Filter Include="Contents\Scene\3. MainLobby">
      <UniqueIdentifier>{68106073-b93c-49ad-ba42-3fcba360800f}</UniqueIdentifier>
    </Filter>
    <Filter Include="Contents\Scene\4. Stadium">
      <UniqueIdentifier>{fefa87e7-eb70-497a-907e-a0ff5e971b9e}</UniqueIdentifier>
    </Filter>
    <Filter Include="Contents\Scene\5. Banpick">
      <UniqueIdentifier>{33b10c18-461d-4ac3-91e7-c4d86b4ef5f3}</UniqueIdentifier>
    </Filter>
    <Filter Include="Contents\Scene\6. IGStadium">
      <UniqueIdentifier>{b4c3226c-b774-46f9-9046-a79f9b339ca7}</UniqueIdentifier>
    </Filter>
    <Filter Include="Contents\Object">
      <UniqueIdentifier>{593de4cf-0d47-4de9-a2ba-315be2b7512c}</UniqueIdentifier>
    </Filter>
    <Filter Include="Contents\Object\UI">
      <UniqueIdentifier>{9c43af0a-c0b8-4d13-9c4c-f926ca438d8b}</UniqueIdentifier>
    </Filter>
    <Filter Include="Contents\Object\GameObject">
      <UniqueIdentifier>{65edb0b7-1aca-40e8-b544-096bdd12c655}</UniqueIdentifier>
    </Filter>
    <Filter Include="Contents\Object\GameObject\BackGround">
      <UniqueIdentifier>{0b13dca3-a679-46e9-9142-2aa00b8a562e}</UniqueIdentifier>
    </Filter>
    <Filter Include="Contents\Object\UI\Button">
      <UniqueIdentifier>{43a2ca78-96e8-4858-b07e-eff7607330fa}</UniqueIdentifier>
    </Filter>
    <Filter Include="Contents\Object\UI\Button\DefaultBtn">
      <UniqueIdentifier>{c6c6b886-6d39-4477-a55f-5923165d5492}</UniqueIdentifier>
    </Filter>
    <Filter Include="Contents\Object\UI\Button\InportantBtn">
      <UniqueIdentifier>{15d426a2-86ee-4fff-ade7-4f4729be0a91}</UniqueIdentifier>
    </Filter>
    <Filter Include="Contents\Object\UI\Button\ProceedBtn">
      <UniqueIdentifier>{ccd890c4-159b-4f81-b7aa-e0e1e66e1081}</UniqueIdentifier>
    </Filter>
    <Filter Include="Contents\Object\UI\Button\LobbyMenuBtn">
      <UniqueIdentifier>{accba350-7e76-43a7-81b1-f6f759a112b7}</UniqueIdentifier>
    </Filter>
    <Filter Include="Contents\Object\UI\Button\WeeklyEventBtn">
      <UniqueIdentifier>{d2badf14-905e-4d07-b0fe-9455ae8db1e0}</UniqueIdentifier>
    </Filter>
    <Filter Include="Contents\Object\UI\HeaderUI">
      <UniqueIdentifier>{26b70876-1997-4ddb-9a3e-6c93d13527fc}</UniqueIdentifier>
    </Filter>
    <Filter Include="Contents\Object\UI\HeaderUI\Lobby">
      <UniqueIdentifier>{b11e3a25-a8da-4046-855c-66030a0138d9}</UniqueIdentifier>
    </Filter>
    <Filter Include="Contents\Object\UI\HeaderUI\Battle">
      <UniqueIdentifier>{7f74714d-9a2b-465a-b5f1-c9e07da73fc3}</UniqueIdentifier>
    </Filter>
    <Filter Include="Contents\Object\UI\Window">
      <UniqueIdentifier>{e94a1987-8685-4206-8a67-0dcbb218e5a0}</UniqueIdentifier>
    </Filter>
    <Filter Include="Contents\Object\UI\Window\NewGame">
      <UniqueIdentifier>{7fca46c7-b174-495d-a603-f3b3391984b3}</UniqueIdentifier>
    </Filter>
    <Filter Include="Contents\Object\UI\Slot">
      <UniqueIdentifier>{8531973f-65d5-4c51-88c1-ebadddac8702}</UniqueIdentifier>
    </Filter>
    <Filter Include="Contents\Object\UI\Slot\LobbyHeaderSlot">
      <UniqueIdentifier>{34c676f2-7337-46fa-8790-603d1191c06c}</UniqueIdentifier>
    </Filter>
    <Filter Include="Contents\Object\UI\Logo">
      <UniqueIdentifier>{9986c204-273f-4809-ba00-d0f6d2be6a6a}</UniqueIdentifier>
    </Filter>
    <Filter Include="Contents\Object\UI\Window\LineUp">
      <UniqueIdentifier>{f192984a-af85-44fe-bf3c-9323235e63f4}</UniqueIdentifier>
    </Filter>
    <Filter Include="Contents\Object\UI\Slot\LineUpTeamTitle">
      <UniqueIdentifier>{ce5c10d8-531e-44fb-95b5-cd1c2fdbb7fd}</UniqueIdentifier>
    </Filter>
    <Filter Include="Contents\Object\UI\Button\PlayerCardBtn">
      <UniqueIdentifier>{68afe796-c894-4e47-9e43-039bd2d71f2c}</UniqueIdentifier>
    </Filter>
    <Filter Include="Contents\Object\UI\Slot\PlayerCard">
      <UniqueIdentifier>{79620b10-abe6-49c4-b321-ac155d5b51e7}</UniqueIdentifier>
    </Filter>
    <Filter Include="Contents\Object\UI\Slot\BanpickStat">
      <UniqueIdentifier>{ea18be57-baa9-43e4-977f-917a372d3645}</UniqueIdentifier>
    </Filter>
    <Filter Include="Contents\Object\UI\Line">
      <UniqueIdentifier>{11fb3c8e-3e00-4816-9464-43056c020689}</UniqueIdentifier>
    </Filter>
    <Filter Include="Contents\Object\UI\Line\BanLine">
      <UniqueIdentifier>{6c000f15-52ab-4820-b0b2-769fb841b94d}</UniqueIdentifier>
    </Filter>
    <Filter Include="Contents\Object\UI\Icon">
      <UniqueIdentifier>{b4cc266c-c3c2-4f65-91fc-5df7011e617e}</UniqueIdentifier>
    </Filter>
    <Filter Include="Contents\Object\UI\Icon\StatIcon">
      <UniqueIdentifier>{43303aef-9b44-4487-8215-f752573726bd}</UniqueIdentifier>
    </Filter>
    <Filter Include="Contents\Object\UI\Button\BanpickClassTap">
      <UniqueIdentifier>{839e1af5-6092-41ff-851a-5cb45ed6e7dd}</UniqueIdentifier>
    </Filter>
    <Filter Include="Contents\Object\GameObject\BackGround\Waterfall">
      <UniqueIdentifier>{a636a76e-2070-4fc4-b46b-dc016c1dae57}</UniqueIdentifier>
    </Filter>
    <Filter Include="Contents\Object\GameObject\BackGround\IG_Stadium">
      <UniqueIdentifier>{c03ef563-1425-4ab9-9b04-269778118e52}</UniqueIdentifier>
    </Filter>
    <Filter Include="Contents\Object\Champ">
      <UniqueIdentifier>{3076d426-20aa-4855-9ba1-ea2001fbdab9}</UniqueIdentifier>
    </Filter>
    <Filter Include="Contents\Object\Champ\Base">
      <UniqueIdentifier>{fd751b6e-e6d1-4b34-9d53-c31c850fef90}</UniqueIdentifier>
    </Filter>
    <Filter Include="Contents\CommonScript">
      <UniqueIdentifier>{c8ed79e1-3e5e-4b74-b9b3-887ec0621126}</UniqueIdentifier>
    </Filter>
    <Filter Include="Contents\CommonScript\Camera">
      <UniqueIdentifier>{b8d5be9b-621b-4cbc-8a47-e3e782c95e0c}</UniqueIdentifier>
    </Filter>
    <Filter Include="Contents\CommonScript\Arrangement">
      <UniqueIdentifier>{5ae5190e-3062-45e8-9c9e-fdcbcd1e86f8}</UniqueIdentifier>
    </Filter>
    <Filter Include="Contents\CommonScript\CursorScript">
      <UniqueIdentifier>{45209c28-2268-47ff-b33f-39693f0f9eca}</UniqueIdentifier>
    </Filter>
    <Filter Include="Contents\CommonScript\Masking">
      <UniqueIdentifier>{470eae73-8547-43b4-a211-e5cd3ad79448}</UniqueIdentifier>
    </Filter>
    <Filter Include="Contents\Object\Champ\CommonBT">
      <UniqueIdentifier>{bbc66e23-ba30-492c-8318-1ebdae8bbda0}</UniqueIdentifier>
    </Filter>
    <Filter Include="Contents\Object\Champ\C_Knight">
      <UniqueIdentifier>{17186b01-6d65-419a-98ad-509b72626a43}</UniqueIdentifier>
    </Filter>
    <Filter Include="Contents\Object\Champ\C_Knight\Script">
      <UniqueIdentifier>{2f7e03f7-c6cc-4bd7-b5c6-dbbc679d04c1}</UniqueIdentifier>
    </Filter>
    <Filter Include="Contents\Object\Champ\C_Archer">
      <UniqueIdentifier>{dcfc9fed-9b2c-4ad6-8f94-9b5586d1ab59}</UniqueIdentifier>
    </Filter>
    <Filter Include="Contents\Object\Champ\C_Archer\Script">
      <UniqueIdentifier>{6de9e3be-42c2-40b9-bb67-15d3f0502a1b}</UniqueIdentifier>
    </Filter>
    <Filter Include="Contents\Object\Champ\C_Knight\ColObj">
      <UniqueIdentifier>{71fac19f-33da-4d86-8622-0e81d9e6118f}</UniqueIdentifier>
    </Filter>
    <Filter Include="Contents\Object\Champ\C_Archer\ColObj">
      <UniqueIdentifier>{75bfe74f-4d41-41e7-88ce-1092bc13dd11}</UniqueIdentifier>
    </Filter>
    <Filter Include="Contents\Manager">
      <UniqueIdentifier>{73a1c229-8c83-4a88-b1b0-5645825b1d43}</UniqueIdentifier>
    </Filter>
    <Filter Include="Contents\Manager\BattleManager">
      <UniqueIdentifier>{545ab839-5d36-44e9-af78-62f40def0ccb}</UniqueIdentifier>
    </Filter>
    <Filter Include="Contents\Manager\DataManager">
      <UniqueIdentifier>{3601c501-0d69-470b-826f-e855add5d8e9}</UniqueIdentifier>
    </Filter>
    <Filter Include="Contents\Object\Pilot">
      <UniqueIdentifier>{0479a2d5-1936-4f26-bbc5-ea90836b91bd}</UniqueIdentifier>
    </Filter>
  </ItemGroup>
</Project>