<?xml version="1.0" encoding="utf-8"?>
<Project ToolsVersion="4.0" xmlns="http://schemas.microsoft.com/developer/msbuild/2003">
  <ItemGroup>
    <ClInclude Include="framework.h" />
    <ClInclude Include="Load.h">
      <Filter>Load</Filter>
    </ClInclude>
    <ClInclude Include="sszArrangementScript.h">
      <Filter>Contents\CommonScript\Arrangement</Filter>
    </ClInclude>
    <ClInclude Include="sszTitleScene.h">
      <Filter>Contents\Scene\1. Title</Filter>
    </ClInclude>
    <ClInclude Include="sszCursorScript.h">
      <Filter>Contents\CommonScript\CursorScript</Filter>
    </ClInclude>
    <ClInclude Include="sszTestScene.h">
      <Filter>Contents\Scene\0. TestScene</Filter>
    </ClInclude>
    <ClInclude Include="sszMasking.h">
      <Filter>Contents\CommonScript\Masking</Filter>
    </ClInclude>
    <ClInclude Include="CommonHeader.h">
      <Filter>Common</Filter>
    </ClInclude>
    <ClInclude Include="CommonObjHeader.h">
      <Filter>Common</Filter>
    </ClInclude>
    <ClInclude Include="sszDefaultBtn.h">
      <Filter>Contents\UI\Button\DefaultBtn</Filter>
    </ClInclude>
    <ClInclude Include="sszImportantBtn.h">
      <Filter>Contents\UI\Button\InportantBtn</Filter>
    </ClInclude>
    <ClInclude Include="sszLobbyMenuBtn.h">
      <Filter>Contents\UI\Button\LobbyMenuBtn</Filter>
    </ClInclude>
    <ClInclude Include="sszProceedBtn.h">
      <Filter>Contents\UI\Button\ProceedBtn</Filter>
    </ClInclude>
    <ClInclude Include="sszWeeklyEventBtn.h">
      <Filter>Contents\UI\Button\WeeklyEventBtn</Filter>
    </ClInclude>
    <ClInclude Include="sszLobbyHeader.h">
      <Filter>Contents\UI\HeaderUI\Lobby</Filter>
    </ClInclude>
    <ClInclude Include="sszHeaderSlot.h">
      <Filter>Contents\UI\Slot\LobbyHeaderSlot</Filter>
    </ClInclude>
    <ClInclude Include="sszNewGameWindow.h">
      <Filter>Contents\UI\Window\NewGame</Filter>
    </ClInclude>
    <ClInclude Include="sszLineUpWindow.h">
      <Filter>Contents\UI\Window\LineUp</Filter>
    </ClInclude>
    <ClInclude Include="sszLineUpTeamTitle.h">
      <Filter>Contents\UI\Slot\LineUpTeamTitle</Filter>
    </ClInclude>
    <ClInclude Include="sszPlayerCardBtn.h">
      <Filter>Contents\UI\Button\PlayerCardBtn</Filter>
    </ClInclude>
    <ClInclude Include="sszPlayerCardSlot.h">
      <Filter>Contents\UI\Slot\PlayerCard</Filter>
    </ClInclude>
    <ClInclude Include="sszBattleHeader.h">
      <Filter>Contents\UI\HeaderUI\Battle</Filter>
    </ClInclude>
    <ClInclude Include="sszBanPickStat.h">
      <Filter>Contents\UI\Slot\BanpickStat</Filter>
    </ClInclude>
    <ClInclude Include="sszBanLine.h">
      <Filter>Contents\UI\Line\BanLine</Filter>
    </ClInclude>
    <ClInclude Include="sszStatIcon.h">
      <Filter>Contents\UI\Icon\StatIcon</Filter>
    </ClInclude>
    <ClInclude Include="GameEnums.h">
      <Filter>Common</Filter>
    </ClInclude>
    <ClInclude Include="sszBanpickClassTap.h">
      <Filter>Contents\UI\Button\BanpickClassTap</Filter>
    </ClInclude>
    <ClInclude Include="sszChamp.h">
      <Filter>Contents\Object\GameUnit\Champ\Base</Filter>
    </ClInclude>
    <ClInclude Include="sszObj_IG_Stadium.h">
      <Filter>Contents\Object\BackGround\BackGround\IG_Stadium</Filter>
    </ClInclude>
    <ClInclude Include="sszObj_Waterfall.h">
      <Filter>Contents\Object\BackGround\BackGround\Waterfall</Filter>
    </ClInclude>
    <ClInclude Include="CommonDefine.h">
      <Filter>Common</Filter>
    </ClInclude>
    <ClInclude Include="sszColObj.h">
      <Filter>Contents\Object\GameUnit\Champ\Base</Filter>
    </ClInclude>
    <ClInclude Include="sszBattleManager.h">
      <Filter>Contents\Manager\BattleManager</Filter>
    </ClInclude>
    <ClInclude Include="sszTeam.h">
      <Filter>Contents\Object\GameUnit\Team</Filter>
    </ClInclude>
    <ClInclude Include="sszTGM.h">
      <Filter>Contents\Manager\DataManager\TotalGameManager</Filter>
    </ClInclude>
    <ClInclude Include="sszPilot.h">
      <Filter>Contents\Object\GameUnit\Pilot</Filter>
    </ClInclude>
    <ClInclude Include="sszCursor.h">
      <Filter>Contents\UI\Cursor</Filter>
    </ClInclude>
    <ClInclude Include="sszChamp_Script.h">
      <Filter>Contents\Object\GameUnit\Champ\Base</Filter>
    </ClInclude>
    <ClInclude Include="sszScript_Archer.h">
      <Filter>Contents\Object\GameUnit\Champ\Archer</Filter>
    </ClInclude>
    <ClInclude Include="sszScript_Knight.h">
      <Filter>Contents\Object\GameUnit\Champ\Knight</Filter>
    </ClInclude>
    <ClInclude Include="sszLog.h">
      <Filter>Contents\Manager\Log</Filter>
    </ClInclude>
    <ClInclude Include="sszShadow.h">
      <Filter>Contents\Object\GameUnit\common\Shadow</Filter>
    </ClInclude>
    <ClInclude Include="sszSpawnEfc.h">
      <Filter>Contents\Object\GameUnit\common\Spawnefc</Filter>
    </ClInclude>
    <ClInclude Include="sszProjectile.h">
      <Filter>Contents\Object\GameUnit\common\Projectile</Filter>
    </ClInclude>
    <ClInclude Include="sszProjScript.h">
      <Filter>Contents\Object\GameUnit\common\Projectile</Filter>
    </ClInclude>
    <ClInclude Include="sszEffect.h">
      <Filter>Contents\Object\GameUnit\common\Effect</Filter>
    </ClInclude>
    <ClInclude Include="sszNumb.h">
      <Filter>Contents\Object\GameUnit\common\Numb</Filter>
    </ClInclude>
    <ClInclude Include="sszTitleMenuBtn.h">
      <Filter>Contents\UI\Button\TitleMenuBtn</Filter>
    </ClInclude>
    <ClInclude Include="sszTypeUI.h">
      <Filter>Contents\UI\TypeUI</Filter>
    </ClInclude>
    <ClInclude Include="sszSelectBtn.h">
      <Filter>Contents\UI\Button\SelectBtn</Filter>
    </ClInclude>
    <ClInclude Include="sszTestEditBox.h">
      <Filter>Contents\Object\Text</Filter>
    </ClInclude>
    <ClInclude Include="sszKBDIcon.h">
      <Filter>Contents\UI\Icon\KBDIcon</Filter>
    </ClInclude>
    <ClInclude Include="sszAvatarSlot.h">
      <Filter>Contents\UI\Slot\AvatarSlot</Filter>
    </ClInclude>
    <ClInclude Include="sszTeamIconSlot.h">
      <Filter>Contents\UI\Slot\TeamIconSlot</Filter>
    </ClInclude>
    <ClInclude Include="sszMainLobbyScene.h">
      <Filter>Contents\Scene\3. MainLobby</Filter>
    </ClInclude>
    <ClInclude Include="sszCloudObj.h">
      <Filter>Contents\Object\BackGround\BackGround\CloudObj</Filter>
    </ClInclude>
    <ClInclude Include="sszStadiumScene.h">
      <Filter>Contents\Scene\4. Stadium</Filter>
    </ClInclude>
    <ClInclude Include="sszBanPickScene.h">
      <Filter>Contents\Scene\5. Banpick</Filter>
    </ClInclude>
    <ClInclude Include="sszIGStadiumScene.h">
      <Filter>Contents\Scene\6. IGStadium</Filter>
    </ClInclude>
    <ClInclude Include="sszBanPickWindow.h">
      <Filter>Contents\UI\Window\Banpick</Filter>
    </ClInclude>
    <ClInclude Include="sszScript_Fighter.h">
      <Filter>Contents\Object\GameUnit\Champ\fighter%28수정%29</Filter>
    </ClInclude>
    <ClInclude Include="sszScript_Monk.h">
      <Filter>Contents\Object\GameUnit\Champ\monk%28수정%29</Filter>
    </ClInclude>
    <ClInclude Include="sszScript_Ninja.h">
      <Filter>Contents\Object\GameUnit\Champ\ninja%28수정%29</Filter>
    </ClInclude>
    <ClInclude Include="sszScript_Priest.h">
      <Filter>Contents\Object\GameUnit\Champ\priest%28수정%29</Filter>
    </ClInclude>
    <ClInclude Include="sszScript_Pyromancer.h">
      <Filter>Contents\Object\GameUnit\Champ\pyromancer%28수정%29</Filter>
    </ClInclude>
    <ClInclude Include="sszScript_SwordMan.h">
      <Filter>Contents\Object\GameUnit\Champ\swordman%28수정%29</Filter>
    </ClInclude>
    <ClInclude Include="sszAnimTesterObj.h">
      <Filter>Contents\Object\Tester</Filter>
    </ClInclude>
  </ItemGroup>
  <ItemGroup>
    <ClCompile Include="660Engine.cpp" />
    <ClCompile Include="sszArrangementScript.cpp">
      <Filter>Contents\CommonScript\Arrangement</Filter>
    </ClCompile>
    <ClCompile Include="sszTitleScene.cpp">
      <Filter>Contents\Scene\1. Title</Filter>
    </ClCompile>
    <ClCompile Include="sszCursorScript.cpp">
      <Filter>Contents\CommonScript\CursorScript</Filter>
    </ClCompile>
    <ClCompile Include="sszTestScene.cpp">
      <Filter>Contents\Scene\0. TestScene</Filter>
    </ClCompile>
    <ClCompile Include="Load.cpp">
      <Filter>Load</Filter>
    </ClCompile>
    <ClCompile Include="sszMasking.cpp">
      <Filter>Contents\CommonScript\Masking</Filter>
    </ClCompile>
    <ClCompile Include="sszDefaultBtn.cpp">
      <Filter>Contents\UI\Button\DefaultBtn</Filter>
    </ClCompile>
    <ClCompile Include="sszImportantBtn.cpp">
      <Filter>Contents\UI\Button\InportantBtn</Filter>
    </ClCompile>
    <ClCompile Include="sszLobbyMenuBtn.cpp">
      <Filter>Contents\UI\Button\LobbyMenuBtn</Filter>
    </ClCompile>
    <ClCompile Include="sszProceedBtn.cpp">
      <Filter>Contents\UI\Button\ProceedBtn</Filter>
    </ClCompile>
    <ClCompile Include="sszWeeklyEventBtn.cpp">
      <Filter>Contents\UI\Button\WeeklyEventBtn</Filter>
    </ClCompile>
    <ClCompile Include="sszLobbyHeader.cpp">
      <Filter>Contents\UI\HeaderUI\Lobby</Filter>
    </ClCompile>
    <ClCompile Include="sszHeaderSlot.cpp">
      <Filter>Contents\UI\Slot\LobbyHeaderSlot</Filter>
    </ClCompile>
    <ClCompile Include="sszNewGameWindow.cpp">
      <Filter>Contents\UI\Window\NewGame</Filter>
    </ClCompile>
    <ClCompile Include="sszLineUpWindow.cpp">
      <Filter>Contents\UI\Window\LineUp</Filter>
    </ClCompile>
    <ClCompile Include="sszLineUpTeamTitle.cpp">
      <Filter>Contents\UI\Slot\LineUpTeamTitle</Filter>
    </ClCompile>
    <ClCompile Include="sszPlayerCardBtn.cpp">
      <Filter>Contents\UI\Button\PlayerCardBtn</Filter>
    </ClCompile>
    <ClCompile Include="sszPlayerCardSlot.cpp">
      <Filter>Contents\UI\Slot\PlayerCard</Filter>
    </ClCompile>
    <ClCompile Include="sszBattleHeader.cpp">
      <Filter>Contents\UI\HeaderUI\Battle</Filter>
    </ClCompile>
    <ClCompile Include="sszBanPickStat.cpp">
      <Filter>Contents\UI\Slot\BanpickStat</Filter>
    </ClCompile>
    <ClCompile Include="sszBanLine.cpp">
      <Filter>Contents\UI\Line\BanLine</Filter>
    </ClCompile>
    <ClCompile Include="sszStatIcon.cpp">
      <Filter>Contents\UI\Icon\StatIcon</Filter>
    </ClCompile>
    <ClCompile Include="sszBanpickClassTap.cpp">
      <Filter>Contents\UI\Button\BanpickClassTap</Filter>
    </ClCompile>
    <ClCompile Include="sszChamp.cpp">
      <Filter>Contents\Object\GameUnit\Champ\Base</Filter>
    </ClCompile>
    <ClCompile Include="sszObj_IG_Stadium.cpp">
      <Filter>Contents\Object\BackGround\BackGround\IG_Stadium</Filter>
    </ClCompile>
    <ClCompile Include="sszObj_Waterfall.cpp">
      <Filter>Contents\Object\BackGround\BackGround\Waterfall</Filter>
    </ClCompile>
    <ClCompile Include="sszCommonBT.cpp">
      <Filter>Contents\Object\GameUnit\Champ\CommonBT</Filter>
    </ClCompile>
    <ClCompile Include="sszColObj.cpp">
      <Filter>Contents\Object\GameUnit\Champ\Base</Filter>
    </ClCompile>
    <ClCompile Include="sszBattleManager.cpp">
      <Filter>Contents\Manager\BattleManager</Filter>
    </ClCompile>
    <ClCompile Include="sszTeam.cpp">
      <Filter>Contents\Object\GameUnit\Team</Filter>
    </ClCompile>
    <ClCompile Include="sszTGM.cpp">
      <Filter>Contents\Manager\DataManager\TotalGameManager</Filter>
    </ClCompile>
    <ClCompile Include="sszPilot.cpp">
      <Filter>Contents\Object\GameUnit\Pilot</Filter>
    </ClCompile>
    <ClCompile Include="sszCursor.cpp">
      <Filter>Contents\UI\Cursor</Filter>
    </ClCompile>
    <ClCompile Include="sszChamp_Script.cpp">
      <Filter>Contents\Object\GameUnit\Champ\Base</Filter>
    </ClCompile>
    <ClCompile Include="sszScript_Archer.cpp">
      <Filter>Contents\Object\GameUnit\Champ\Archer</Filter>
    </ClCompile>
    <ClCompile Include="sszScript_Knight.cpp">
      <Filter>Contents\Object\GameUnit\Champ\Knight</Filter>
    </ClCompile>
    <ClCompile Include="sszLog.cpp">
      <Filter>Contents\Manager\Log</Filter>
    </ClCompile>
    <ClCompile Include="sszShadow.cpp">
      <Filter>Contents\Object\GameUnit\common\Shadow</Filter>
    </ClCompile>
    <ClCompile Include="sszSpawnEfc.cpp">
      <Filter>Contents\Object\GameUnit\common\Spawnefc</Filter>
    </ClCompile>
    <ClCompile Include="sszProjectile.cpp">
      <Filter>Contents\Object\GameUnit\common\Projectile</Filter>
    </ClCompile>
    <ClCompile Include="sszProjScript.cpp">
      <Filter>Contents\Object\GameUnit\common\Projectile</Filter>
    </ClCompile>
    <ClCompile Include="sszArcherBT.cpp">
      <Filter>Contents\Object\GameUnit\Champ\Archer</Filter>
    </ClCompile>
    <ClCompile Include="sszKnightBT.cpp">
      <Filter>Contents\Object\GameUnit\Champ\Knight</Filter>
    </ClCompile>
    <ClCompile Include="sszEffect.cpp">
      <Filter>Contents\Object\GameUnit\common\Effect</Filter>
    </ClCompile>
    <ClCompile Include="sszNumb.cpp">
      <Filter>Contents\Object\GameUnit\common\Numb</Filter>
    </ClCompile>
    <ClCompile Include="sszTitleMenuBtn.cpp">
      <Filter>Contents\UI\Button\TitleMenuBtn</Filter>
    </ClCompile>
    <ClCompile Include="sszKBDIcon.cpp">
      <Filter>Contents\UI\Icon\KBDIcon</Filter>
    </ClCompile>
    <ClCompile Include="sszTypeUI.cpp">
      <Filter>Contents\UI\TypeUI</Filter>
    </ClCompile>
    <ClCompile Include="sszSelectBtn.cpp">
      <Filter>Contents\UI\Button\SelectBtn</Filter>
    </ClCompile>
    <ClCompile Include="sszTestEditBox.cpp">
      <Filter>Contents\Object\Text</Filter>
    </ClCompile>
    <ClCompile Include="sszAvatarSlot.cpp">
      <Filter>Contents\UI\Slot\AvatarSlot</Filter>
    </ClCompile>
    <ClCompile Include="sszTeamIconSlot.cpp">
      <Filter>Contents\UI\Slot\TeamIconSlot</Filter>
    </ClCompile>
    <ClCompile Include="sszMainLobbyScene.cpp">
      <Filter>Contents\Scene\3. MainLobby</Filter>
    </ClCompile>
    <ClCompile Include="sszCloudObj.cpp">
      <Filter>Contents\Object\BackGround\BackGround\CloudObj</Filter>
    </ClCompile>
    <ClCompile Include="sszStadiumScene.cpp">
      <Filter>Contents\Scene\4. Stadium</Filter>
    </ClCompile>
    <ClCompile Include="sszBanPickScene.cpp">
      <Filter>Contents\Scene\5. Banpick</Filter>
    </ClCompile>
    <ClCompile Include="sszIGStadiumScene.cpp">
      <Filter>Contents\Scene\6. IGStadium</Filter>
    </ClCompile>
    <ClCompile Include="sszBanPickWindow.cpp">
      <Filter>Contents\UI\Window\Banpick</Filter>
    </ClCompile>
    <ClCompile Include="sszScript_Fighter.cpp">
      <Filter>Contents\Object\GameUnit\Champ\fighter%28수정%29</Filter>
    </ClCompile>
    <ClCompile Include="sszScript_Monk.cpp">
      <Filter>Contents\Object\GameUnit\Champ\monk%28수정%29</Filter>
    </ClCompile>
    <ClCompile Include="sszScript_Ninja.cpp">
      <Filter>Contents\Object\GameUnit\Champ\ninja%28수정%29</Filter>
    </ClCompile>
    <ClCompile Include="sszScript_Priest.cpp">
      <Filter>Contents\Object\GameUnit\Champ\priest%28수정%29</Filter>
    </ClCompile>
    <ClCompile Include="sszScript_Pyromancer.cpp">
      <Filter>Contents\Object\GameUnit\Champ\pyromancer%28수정%29</Filter>
    </ClCompile>
    <ClCompile Include="sszScript_SwordMan.cpp">
      <Filter>Contents\Object\GameUnit\Champ\swordman%28수정%29</Filter>
    </ClCompile>
    <ClCompile Include="sszFighterBT.cpp">
      <Filter>Contents\Object\GameUnit\Champ\fighter%28수정%29</Filter>
    </ClCompile>
    <ClCompile Include="sszMonkBT.cpp">
      <Filter>Contents\Object\GameUnit\Champ\monk%28수정%29</Filter>
    </ClCompile>
    <ClCompile Include="sszNinjaBT.cpp">
      <Filter>Contents\Object\GameUnit\Champ\ninja%28수정%29</Filter>
    </ClCompile>
    <ClCompile Include="sszPriestBT.cpp">
      <Filter>Contents\Object\GameUnit\Champ\priest%28수정%29</Filter>
    </ClCompile>
    <ClCompile Include="sszPyromancerBT.cpp">
      <Filter>Contents\Object\GameUnit\Champ\pyromancer%28수정%29</Filter>
    </ClCompile>
    <ClCompile Include="sszSwordManBT.cpp">
      <Filter>Contents\Object\GameUnit\Champ\swordman%28수정%29</Filter>
    </ClCompile>
    <ClCompile Include="sszAnimTesterObj.cpp">
      <Filter>Contents\Object\Tester</Filter>
    </ClCompile>
  </ItemGroup>
  <ItemGroup>
    <Filter Include="Contents">
      <UniqueIdentifier>{b8655c56-a3c2-406d-871d-d73f4d0ea2b8}</UniqueIdentifier>
    </Filter>
    <Filter Include="Contents\Scene">
      <UniqueIdentifier>{b7ad5cba-665c-4e9a-b881-4a85724f2793}</UniqueIdentifier>
    </Filter>
    <Filter Include="Common">
      <UniqueIdentifier>{35f42c5c-3c5e-4748-b50a-15d7a7f511a2}</UniqueIdentifier>
    </Filter>
    <Filter Include="Contents\Scene\0. TestScene">
      <UniqueIdentifier>{a1829e6a-36d3-4f4f-b507-2f1e50fa637b}</UniqueIdentifier>
    </Filter>
    <Filter Include="Contents\Scene\1. Title">
      <UniqueIdentifier>{9a216870-610a-4d23-a309-e1ab936e847b}</UniqueIdentifier>
    </Filter>
    <Filter Include="Contents\Scene\3. MainLobby">
      <UniqueIdentifier>{68106073-b93c-49ad-ba42-3fcba360800f}</UniqueIdentifier>
    </Filter>
    <Filter Include="Contents\Scene\4. Stadium">
      <UniqueIdentifier>{fefa87e7-eb70-497a-907e-a0ff5e971b9e}</UniqueIdentifier>
    </Filter>
    <Filter Include="Contents\Scene\5. Banpick">
      <UniqueIdentifier>{33b10c18-461d-4ac3-91e7-c4d86b4ef5f3}</UniqueIdentifier>
    </Filter>
    <Filter Include="Contents\Scene\6. IGStadium">
      <UniqueIdentifier>{b4c3226c-b774-46f9-9046-a79f9b339ca7}</UniqueIdentifier>
    </Filter>
    <Filter Include="Contents\Object">
      <UniqueIdentifier>{593de4cf-0d47-4de9-a2ba-315be2b7512c}</UniqueIdentifier>
    </Filter>
    <Filter Include="Contents\CommonScript">
      <UniqueIdentifier>{c8ed79e1-3e5e-4b74-b9b3-887ec0621126}</UniqueIdentifier>
    </Filter>
    <Filter Include="Contents\CommonScript\Arrangement">
      <UniqueIdentifier>{5ae5190e-3062-45e8-9c9e-fdcbcd1e86f8}</UniqueIdentifier>
    </Filter>
    <Filter Include="Contents\CommonScript\CursorScript">
      <UniqueIdentifier>{45209c28-2268-47ff-b33f-39693f0f9eca}</UniqueIdentifier>
    </Filter>
    <Filter Include="Contents\CommonScript\Masking">
      <UniqueIdentifier>{470eae73-8547-43b4-a211-e5cd3ad79448}</UniqueIdentifier>
    </Filter>
    <Filter Include="Contents\UI">
      <UniqueIdentifier>{9c43af0a-c0b8-4d13-9c4c-f926ca438d8b}</UniqueIdentifier>
    </Filter>
    <Filter Include="Contents\UI\Button">
      <UniqueIdentifier>{43a2ca78-96e8-4858-b07e-eff7607330fa}</UniqueIdentifier>
    </Filter>
    <Filter Include="Contents\UI\Button\DefaultBtn">
      <UniqueIdentifier>{c6c6b886-6d39-4477-a55f-5923165d5492}</UniqueIdentifier>
    </Filter>
    <Filter Include="Contents\UI\Button\InportantBtn">
      <UniqueIdentifier>{15d426a2-86ee-4fff-ade7-4f4729be0a91}</UniqueIdentifier>
    </Filter>
    <Filter Include="Contents\UI\Button\ProceedBtn">
      <UniqueIdentifier>{ccd890c4-159b-4f81-b7aa-e0e1e66e1081}</UniqueIdentifier>
    </Filter>
    <Filter Include="Contents\UI\Button\LobbyMenuBtn">
      <UniqueIdentifier>{accba350-7e76-43a7-81b1-f6f759a112b7}</UniqueIdentifier>
    </Filter>
    <Filter Include="Contents\UI\Button\PlayerCardBtn">
      <UniqueIdentifier>{68afe796-c894-4e47-9e43-039bd2d71f2c}</UniqueIdentifier>
    </Filter>
    <Filter Include="Contents\UI\Button\BanpickClassTap">
      <UniqueIdentifier>{839e1af5-6092-41ff-851a-5cb45ed6e7dd}</UniqueIdentifier>
    </Filter>
    <Filter Include="Contents\UI\HeaderUI">
      <UniqueIdentifier>{26b70876-1997-4ddb-9a3e-6c93d13527fc}</UniqueIdentifier>
    </Filter>
    <Filter Include="Contents\UI\HeaderUI\Lobby">
      <UniqueIdentifier>{b11e3a25-a8da-4046-855c-66030a0138d9}</UniqueIdentifier>
    </Filter>
    <Filter Include="Contents\UI\HeaderUI\Battle">
      <UniqueIdentifier>{7f74714d-9a2b-465a-b5f1-c9e07da73fc3}</UniqueIdentifier>
    </Filter>
    <Filter Include="Contents\UI\Window">
      <UniqueIdentifier>{e94a1987-8685-4206-8a67-0dcbb218e5a0}</UniqueIdentifier>
    </Filter>
    <Filter Include="Contents\UI\Window\NewGame">
      <UniqueIdentifier>{7fca46c7-b174-495d-a603-f3b3391984b3}</UniqueIdentifier>
    </Filter>
    <Filter Include="Contents\UI\Window\LineUp">
      <UniqueIdentifier>{f192984a-af85-44fe-bf3c-9323235e63f4}</UniqueIdentifier>
    </Filter>
    <Filter Include="Contents\UI\Slot">
      <UniqueIdentifier>{8531973f-65d5-4c51-88c1-ebadddac8702}</UniqueIdentifier>
    </Filter>
    <Filter Include="Contents\UI\Slot\LobbyHeaderSlot">
      <UniqueIdentifier>{34c676f2-7337-46fa-8790-603d1191c06c}</UniqueIdentifier>
    </Filter>
    <Filter Include="Contents\UI\Slot\LineUpTeamTitle">
      <UniqueIdentifier>{ce5c10d8-531e-44fb-95b5-cd1c2fdbb7fd}</UniqueIdentifier>
    </Filter>
    <Filter Include="Contents\UI\Slot\PlayerCard">
      <UniqueIdentifier>{79620b10-abe6-49c4-b321-ac155d5b51e7}</UniqueIdentifier>
    </Filter>
    <Filter Include="Contents\UI\Slot\BanpickStat">
      <UniqueIdentifier>{ea18be57-baa9-43e4-977f-917a372d3645}</UniqueIdentifier>
    </Filter>
    <Filter Include="Contents\UI\Line">
      <UniqueIdentifier>{11fb3c8e-3e00-4816-9464-43056c020689}</UniqueIdentifier>
    </Filter>
    <Filter Include="Contents\UI\Line\BanLine">
      <UniqueIdentifier>{6c000f15-52ab-4820-b0b2-769fb841b94d}</UniqueIdentifier>
    </Filter>
    <Filter Include="Contents\UI\Icon">
      <UniqueIdentifier>{b4cc266c-c3c2-4f65-91fc-5df7011e617e}</UniqueIdentifier>
    </Filter>
    <Filter Include="Contents\UI\Icon\StatIcon">
      <UniqueIdentifier>{43303aef-9b44-4487-8215-f752573726bd}</UniqueIdentifier>
    </Filter>
    <Filter Include="Contents\Object\GameUnit">
      <UniqueIdentifier>{1090842e-04c0-4447-b41d-a8eb4966e27b}</UniqueIdentifier>
    </Filter>
    <Filter Include="Contents\Object\GameUnit\Pilot">
      <UniqueIdentifier>{0479a2d5-1936-4f26-bbc5-ea90836b91bd}</UniqueIdentifier>
    </Filter>
    <Filter Include="Contents\Object\GameUnit\Team">
      <UniqueIdentifier>{34ee40ad-d110-4f0e-bde0-6d97ec10ce70}</UniqueIdentifier>
    </Filter>
    <Filter Include="Contents\Object\GameUnit\Champ">
      <UniqueIdentifier>{3076d426-20aa-4855-9ba1-ea2001fbdab9}</UniqueIdentifier>
    </Filter>
    <Filter Include="Contents\Object\GameUnit\Champ\Base">
      <UniqueIdentifier>{fd751b6e-e6d1-4b34-9d53-c31c850fef90}</UniqueIdentifier>
    </Filter>
    <Filter Include="Contents\Object\GameUnit\Champ\CommonBT">
      <UniqueIdentifier>{bbc66e23-ba30-492c-8318-1ebdae8bbda0}</UniqueIdentifier>
    </Filter>
    <Filter Include="Contents\Object\BackGround">
      <UniqueIdentifier>{65edb0b7-1aca-40e8-b544-096bdd12c655}</UniqueIdentifier>
    </Filter>
    <Filter Include="Contents\Object\BackGround\BackGround">
      <UniqueIdentifier>{0b13dca3-a679-46e9-9142-2aa00b8a562e}</UniqueIdentifier>
    </Filter>
    <Filter Include="Contents\Object\BackGround\BackGround\Waterfall">
      <UniqueIdentifier>{a636a76e-2070-4fc4-b46b-dc016c1dae57}</UniqueIdentifier>
    </Filter>
    <Filter Include="Contents\Object\BackGround\BackGround\IG_Stadium">
      <UniqueIdentifier>{c03ef563-1425-4ab9-9b04-269778118e52}</UniqueIdentifier>
    </Filter>
    <Filter Include="Contents\Manager">
      <UniqueIdentifier>{73a1c229-8c83-4a88-b1b0-5645825b1d43}</UniqueIdentifier>
    </Filter>
    <Filter Include="Contents\Manager\BattleManager">
      <UniqueIdentifier>{545ab839-5d36-44e9-af78-62f40def0ccb}</UniqueIdentifier>
    </Filter>
    <Filter Include="Contents\Manager\DataManager">
      <UniqueIdentifier>{3601c501-0d69-470b-826f-e855add5d8e9}</UniqueIdentifier>
    </Filter>
    <Filter Include="Contents\Manager\DataManager\TotalGameManager">
      <UniqueIdentifier>{2889f92b-b85f-49d9-9ebd-c33760a653a3}</UniqueIdentifier>
    </Filter>
    <Filter Include="Contents\UI\Cursor">
      <UniqueIdentifier>{9e7d735f-66a7-4b32-a0f8-1f6c1b7a9636}</UniqueIdentifier>
    </Filter>
    <Filter Include="Load">
      <UniqueIdentifier>{57d2f4aa-3152-4ae1-8282-a3ba908a4ae2}</UniqueIdentifier>
    </Filter>
    <Filter Include="Contents\Object\GameUnit\Champ\Knight">
      <UniqueIdentifier>{17186b01-6d65-419a-98ad-509b72626a43}</UniqueIdentifier>
    </Filter>
    <Filter Include="Contents\Object\GameUnit\Champ\Archer">
      <UniqueIdentifier>{dcfc9fed-9b2c-4ad6-8f94-9b5586d1ab59}</UniqueIdentifier>
    </Filter>
    <Filter Include="Contents\Manager\Log">
      <UniqueIdentifier>{4a2291d4-9c95-43c3-ab44-a898331fb030}</UniqueIdentifier>
    </Filter>
    <Filter Include="Contents\Object\GameUnit\common">
      <UniqueIdentifier>{fe54ab8c-c350-4b81-84f4-11f326c5e273}</UniqueIdentifier>
    </Filter>
    <Filter Include="Contents\Object\GameUnit\common\Spawnefc">
      <UniqueIdentifier>{c34e6271-df4c-4192-b71b-f4834600f67c}</UniqueIdentifier>
    </Filter>
    <Filter Include="Contents\Object\GameUnit\common\Shadow">
      <UniqueIdentifier>{4e84c6ae-8190-4742-8c94-75c45df61a52}</UniqueIdentifier>
    </Filter>
    <Filter Include="Contents\Object\GameUnit\common\Projectile">
      <UniqueIdentifier>{85b49577-ba79-4e98-83ec-25369b3ef4d2}</UniqueIdentifier>
    </Filter>
    <Filter Include="Contents\Object\GameUnit\common\Effect">
      <UniqueIdentifier>{ce61556b-68e1-492f-b26b-7ff1d4f7efed}</UniqueIdentifier>
    </Filter>
    <Filter Include="Contents\Object\GameUnit\common\Numb">
      <UniqueIdentifier>{704c3161-45f3-4ebd-85d3-64e549462039}</UniqueIdentifier>
    </Filter>
    <Filter Include="Contents\UI\Button\TitleMenuBtn">
      <UniqueIdentifier>{fab5aa88-39ef-4299-833a-ea040ece799e}</UniqueIdentifier>
    </Filter>
    <Filter Include="Contents\UI\Button\WeeklyEventBtn">
      <UniqueIdentifier>{d2badf14-905e-4d07-b0fe-9455ae8db1e0}</UniqueIdentifier>
    </Filter>
    <Filter Include="Contents\UI\Icon\KBDIcon">
      <UniqueIdentifier>{69a72055-5437-467a-8f7f-eaf226b36353}</UniqueIdentifier>
    </Filter>
    <Filter Include="Contents\UI\TypeUI">
      <UniqueIdentifier>{d5f07a6d-d961-435b-9d84-9080a4e1eea7}</UniqueIdentifier>
    </Filter>
    <Filter Include="Contents\Object\Text">
      <UniqueIdentifier>{bbca8ad6-4753-4dee-858c-a1c2a1f5baf0}</UniqueIdentifier>
    </Filter>
    <Filter Include="Contents\UI\Slot\TeamIconSlot">
      <UniqueIdentifier>{34200438-a25c-4a02-986b-d21ccaf33cff}</UniqueIdentifier>
    </Filter>
    <Filter Include="Contents\UI\Slot\AvatarSlot">
      <UniqueIdentifier>{79f47787-8cf1-4957-b710-61ea1db7cdae}</UniqueIdentifier>
    </Filter>
    <Filter Include="Contents\UI\Button\SelectBtn">
      <UniqueIdentifier>{fc83ba9f-c8ea-4f9a-9eed-dcc8b894d3a8}</UniqueIdentifier>
    </Filter>
    <Filter Include="Contents\Object\BackGround\BackGround\CloudObj">
      <UniqueIdentifier>{accc1ceb-0390-418e-bf3f-cc2ab5a85f4c}</UniqueIdentifier>
    </Filter>
    <Filter Include="Contents\Object\SystemObj">
      <UniqueIdentifier>{c19c9686-f973-4d71-a468-35c4e225f585}</UniqueIdentifier>
    </Filter>
    <Filter Include="Contents\Object\SystemObj\FadeObj">
      <UniqueIdentifier>{2411857a-dd91-4a21-9890-7747c3d9411c}</UniqueIdentifier>
    </Filter>
    <Filter Include="Contents\UI\Window\Banpick">
      <UniqueIdentifier>{b9b9c929-8f39-4b49-8e5f-f0733ac67818}</UniqueIdentifier>
    </Filter>
    <Filter Include="Contents\Object\GameUnit\Champ\fighter%28수정%29">
      <UniqueIdentifier>{23756ee2-0b90-43d4-8084-53b07aac869a}</UniqueIdentifier>
    </Filter>
    <Filter Include="Contents\Object\GameUnit\Champ\monk%28수정%29">
      <UniqueIdentifier>{49ca0b0f-fb9c-42d8-9636-c98f6add3378}</UniqueIdentifier>
    </Filter>
    <Filter Include="Contents\Object\GameUnit\Champ\swordman%28수정%29">
      <UniqueIdentifier>{a2084581-cfd3-4af0-876b-7820aedad8e0}</UniqueIdentifier>
    </Filter>
    <Filter Include="Contents\Object\GameUnit\Champ\pyromancer%28수정%29">
      <UniqueIdentifier>{50ca824e-4584-4ae9-8077-d42396437383}</UniqueIdentifier>
    </Filter>
    <Filter Include="Contents\Object\GameUnit\Champ\priest%28수정%29">
      <UniqueIdentifier>{894ab4cc-7570-45a3-8158-36f830ca0ec7}</UniqueIdentifier>
    </Filter>
    <Filter Include="Contents\Object\GameUnit\Champ\ninja%28수정%29">
      <UniqueIdentifier>{3d9b0e49-0f52-403a-8d1b-3804a8c22ec4}</UniqueIdentifier>
    </Filter>
    <Filter Include="Contents\Object\Tester">
      <UniqueIdentifier>{8bbfc707-bc0a-4ea7-9f28-3792787346f5}</UniqueIdentifier>
    </Filter>
  </ItemGroup>
</Project>