<?xml version="1.0" encoding="utf-8"?>
<Project ToolsVersion="4.0" xmlns="http://schemas.microsoft.com/developer/msbuild/2003">
  <ItemGroup>
    <ClInclude Include="framework.h" />
    <ClInclude Include="Load.h">
      <Filter>Contents\Load</Filter>
    </ClInclude>
    <ClInclude Include="sszCameraScript.h">
      <Filter>Contents\Script\Camera</Filter>
    </ClInclude>
    <ClInclude Include="sszArrangementScript.h">
      <Filter>Contents\Script\Arrangement</Filter>
    </ClInclude>
    <ClInclude Include="sszTitleScene.h">
      <Filter>Contents\Scene\Title</Filter>
    </ClInclude>
    <ClInclude Include="sszPrlgScene.h">
      <Filter>Contents\Scene\Prlg</Filter>
    </ClInclude>
    <ClInclude Include="sszCursorScript.h">
      <Filter>Contents\Script\CursorScript</Filter>
    </ClInclude>
    <ClInclude Include="sszMainLobbyScene.h">
      <Filter>Contents\Scene\MainLobby</Filter>
    </ClInclude>
    <ClInclude Include="sszStadiumScene.h">
      <Filter>Contents\Scene\Stadium</Filter>
    </ClInclude>
    <ClInclude Include="sszIGStadiumScene.h">
      <Filter>Contents\Scene\IGStadium</Filter>
    </ClInclude>
    <ClInclude Include="sszBanPickScene.h">
      <Filter>Contents\Scene\Banpick</Filter>
    </ClInclude>
    <ClInclude Include="sszTestScene.h">
      <Filter>Contents\Scene\TestScene</Filter>
    </ClInclude>
    <ClInclude Include="sszTestScript.h">
      <Filter>Contents\Script\Test</Filter>
    </ClInclude>
    <ClInclude Include="sszTestScript2.h">
      <Filter>Contents\Script\Test</Filter>
    </ClInclude>
    <ClInclude Include="sszTestScript3.h">
      <Filter>Contents\Script\Test</Filter>
    </ClInclude>
    <ClInclude Include="sszMasking.h">
      <Filter>Contents\Script\Masking</Filter>
    </ClInclude>
    <ClInclude Include="CommonHeader.h">
      <Filter>Common</Filter>
    </ClInclude>
  </ItemGroup>
  <ItemGroup>
    <ClCompile Include="660Engine.cpp" />
    <ClCompile Include="sszCameraScript.cpp">
      <Filter>Contents\Script\Camera</Filter>
    </ClCompile>
    <ClCompile Include="sszArrangementScript.cpp">
      <Filter>Contents\Script\Arrangement</Filter>
    </ClCompile>
    <ClCompile Include="sszTitleScene.cpp">
      <Filter>Contents\Scene\Title</Filter>
    </ClCompile>
    <ClCompile Include="sszPrlgScene.cpp">
      <Filter>Contents\Scene\Prlg</Filter>
    </ClCompile>
    <ClCompile Include="sszCursorScript.cpp">
      <Filter>Contents\Script\CursorScript</Filter>
    </ClCompile>
    <ClCompile Include="sszMainLobbyScene.cpp">
      <Filter>Contents\Scene\MainLobby</Filter>
    </ClCompile>
    <ClCompile Include="sszStadiumScene.cpp">
      <Filter>Contents\Scene\Stadium</Filter>
    </ClCompile>
    <ClCompile Include="sszBanPickScene.cpp">
      <Filter>Contents\Scene\Banpick</Filter>
    </ClCompile>
    <ClCompile Include="sszIGStadiumScene.cpp">
      <Filter>Contents\Scene\IGStadium</Filter>
    </ClCompile>
    <ClCompile Include="sszTestScene.cpp">
      <Filter>Contents\Scene\TestScene</Filter>
    </ClCompile>
    <ClCompile Include="sszTestScript.cpp">
      <Filter>Contents\Script\Test</Filter>
    </ClCompile>
    <ClCompile Include="Load.cpp">
      <Filter>Contents\Load</Filter>
    </ClCompile>
    <ClCompile Include="sszTestScript2.cpp">
      <Filter>Contents\Script\Test</Filter>
    </ClCompile>
    <ClCompile Include="sszTestScript3.cpp">
      <Filter>Contents\Script\Test</Filter>
    </ClCompile>
    <ClCompile Include="sszMasking.cpp">
      <Filter>Contents\Script\Masking</Filter>
    </ClCompile>
  </ItemGroup>
  <ItemGroup>
    <Filter Include="Contents">
      <UniqueIdentifier>{b8655c56-a3c2-406d-871d-d73f4d0ea2b8}</UniqueIdentifier>
    </Filter>
    <Filter Include="Contents\Load">
      <UniqueIdentifier>{57d2f4aa-3152-4ae1-8282-a3ba908a4ae2}</UniqueIdentifier>
    </Filter>
    <Filter Include="Contents\Scene">
      <UniqueIdentifier>{b7ad5cba-665c-4e9a-b881-4a85724f2793}</UniqueIdentifier>
    </Filter>
    <Filter Include="Contents\Script">
      <UniqueIdentifier>{c8ed79e1-3e5e-4b74-b9b3-887ec0621126}</UniqueIdentifier>
    </Filter>
    <Filter Include="Contents\Scene\Title">
      <UniqueIdentifier>{9a216870-610a-4d23-a309-e1ab936e847b}</UniqueIdentifier>
    </Filter>
    <Filter Include="Contents\Script\Camera">
      <UniqueIdentifier>{b8d5be9b-621b-4cbc-8a47-e3e782c95e0c}</UniqueIdentifier>
    </Filter>
    <Filter Include="Contents\Script\Arrangement">
      <UniqueIdentifier>{5ae5190e-3062-45e8-9c9e-fdcbcd1e86f8}</UniqueIdentifier>
    </Filter>
    <Filter Include="Contents\Scene\Prlg">
      <UniqueIdentifier>{46c32d6a-9e33-4f3b-9d31-1d46a507cc7c}</UniqueIdentifier>
    </Filter>
    <Filter Include="Contents\Script\CursorScript">
      <UniqueIdentifier>{45209c28-2268-47ff-b33f-39693f0f9eca}</UniqueIdentifier>
    </Filter>
    <Filter Include="Contents\Scene\MainLobby">
      <UniqueIdentifier>{68106073-b93c-49ad-ba42-3fcba360800f}</UniqueIdentifier>
    </Filter>
    <Filter Include="Contents\Scene\Stadium">
      <UniqueIdentifier>{fefa87e7-eb70-497a-907e-a0ff5e971b9e}</UniqueIdentifier>
    </Filter>
    <Filter Include="Contents\Scene\IGStadium">
      <UniqueIdentifier>{b4c3226c-b774-46f9-9046-a79f9b339ca7}</UniqueIdentifier>
    </Filter>
    <Filter Include="Contents\Scene\Banpick">
      <UniqueIdentifier>{33b10c18-461d-4ac3-91e7-c4d86b4ef5f3}</UniqueIdentifier>
    </Filter>
    <Filter Include="Contents\Scene\TestScene">
      <UniqueIdentifier>{a1829e6a-36d3-4f4f-b507-2f1e50fa637b}</UniqueIdentifier>
    </Filter>
    <Filter Include="Contents\Script\Test">
      <UniqueIdentifier>{a688f2ac-cc77-4504-bd0d-b6bd5fadd9a4}</UniqueIdentifier>
    </Filter>
    <Filter Include="Contents\Object">
      <UniqueIdentifier>{91df6f40-37f8-4916-b7e5-b9d94c6bb02f}</UniqueIdentifier>
    </Filter>
    <Filter Include="Contents\Script\Masking">
      <UniqueIdentifier>{470eae73-8547-43b4-a211-e5cd3ad79448}</UniqueIdentifier>
    </Filter>
    <Filter Include="Common">
      <UniqueIdentifier>{35f42c5c-3c5e-4748-b50a-15d7a7f511a2}</UniqueIdentifier>
    </Filter>
  </ItemGroup>
</Project>