<?xml version="1.0" encoding="utf-8"?>
<Project ToolsVersion="4.0" xmlns="http://schemas.microsoft.com/developer/msbuild/2003">
  <ItemGroup>
    <Filter Include="Common">
      <UniqueIdentifier>{7147ca72-e18f-4125-979c-92ed5cfd60bb}</UniqueIdentifier>
    </Filter>
    <Filter Include="Common\Math">
      <UniqueIdentifier>{b4154ee6-4b19-45be-bf95-85754f8a8631}</UniqueIdentifier>
    </Filter>
    <Filter Include="Graphics">
      <UniqueIdentifier>{ff5487e5-ecb5-45eb-9f6b-f20f0ff34cfc}</UniqueIdentifier>
    </Filter>
    <Filter Include="High Level Interface">
      <UniqueIdentifier>{16300282-9fe6-4783-91b1-447ff751be6a}</UniqueIdentifier>
    </Filter>
    <Filter Include="Common\Entity">
      <UniqueIdentifier>{4f50f731-41c8-46c3-848d-1d3100899a86}</UniqueIdentifier>
    </Filter>
    <Filter Include="Input">
      <UniqueIdentifier>{53075aad-7f72-44c4-acf8-3f637af401fb}</UniqueIdentifier>
    </Filter>
    <Filter Include="Common\Time">
      <UniqueIdentifier>{2cefdafa-df06-4179-b150-db80b977e095}</UniqueIdentifier>
    </Filter>
    <Filter Include="Resource">
      <UniqueIdentifier>{638050be-c7e2-4e39-af23-36c1739da042}</UniqueIdentifier>
    </Filter>
    <Filter Include="Resource\Resources">
      <UniqueIdentifier>{62ccc597-e793-4dc8-bb94-8bebe3a31dcf}</UniqueIdentifier>
    </Filter>
    <Filter Include="Graphics\ConstantBuffer">
      <UniqueIdentifier>{87a3e707-55ef-470b-a2ed-e959a93e433e}</UniqueIdentifier>
    </Filter>
    <Filter Include="GameObject">
      <UniqueIdentifier>{09ff656b-9a87-47ed-a7c3-ab1e33758b13}</UniqueIdentifier>
    </Filter>
    <Filter Include="Scene">
      <UniqueIdentifier>{2354aaba-d1c0-424f-916c-1a33b6c8a386}</UniqueIdentifier>
    </Filter>
    <Filter Include="Scene\Layer">
      <UniqueIdentifier>{5dad08f0-1f2f-4961-8839-115031a6e5b8}</UniqueIdentifier>
    </Filter>
    <Filter Include="GameObject\Component">
      <UniqueIdentifier>{a4e18e78-1ddb-4628-9169-18e7683dc508}</UniqueIdentifier>
    </Filter>
    <Filter Include="GameObject\Component\Script">
      <UniqueIdentifier>{89d35540-5e41-4908-8d1c-0ba95cf5a122}</UniqueIdentifier>
    </Filter>
    <Filter Include="Scene\Manager">
      <UniqueIdentifier>{1a651756-608c-49f3-8d64-dd7a7951bc5a}</UniqueIdentifier>
    </Filter>
    <Filter Include="Scene\Base">
      <UniqueIdentifier>{c0ae48bd-0316-4616-a1fe-3c256129112a}</UniqueIdentifier>
    </Filter>
    <Filter Include="Resource\Texture">
      <UniqueIdentifier>{438adc0b-25e4-4974-964c-70b67658f270}</UniqueIdentifier>
    </Filter>
    <Filter Include="Resource\Material">
      <UniqueIdentifier>{50a80671-e2ea-4793-ba16-0e43159f5e11}</UniqueIdentifier>
    </Filter>
    <Filter Include="GameObject\Component\MeshRenderer">
      <UniqueIdentifier>{aefab6e7-325e-4c58-a9aa-567a4dc31da3}</UniqueIdentifier>
    </Filter>
    <Filter Include="GameObject\Component\Transform">
      <UniqueIdentifier>{71e1843f-36a0-4e2e-98bd-dbef5a862708}</UniqueIdentifier>
    </Filter>
    <Filter Include="GameObject\Component\Camera">
      <UniqueIdentifier>{6872842a-e792-4423-b2f4-64434c3714a0}</UniqueIdentifier>
    </Filter>
    <Filter Include="Resource\Mesh">
      <UniqueIdentifier>{49c0cff5-79a0-4bfa-9c54-587c864874a9}</UniqueIdentifier>
    </Filter>
    <Filter Include="Resource\Shader">
      <UniqueIdentifier>{a7e297a9-001e-409c-967c-63350737360b}</UniqueIdentifier>
    </Filter>
    <Filter Include="GameObject\Component\Base">
      <UniqueIdentifier>{2a58b344-3259-46d2-9932-72a3f7ea07db}</UniqueIdentifier>
    </Filter>
    <Filter Include="Graphics\GraphicDevice">
      <UniqueIdentifier>{39bdd5a9-2d7c-4cee-93a2-2411c8917b3c}</UniqueIdentifier>
    </Filter>
    <Filter Include="Graphics\Renderer">
      <UniqueIdentifier>{45fad881-649e-4b99-a570-702fd2505a91}</UniqueIdentifier>
    </Filter>
    <Filter Include="GameObject\Base">
      <UniqueIdentifier>{62e43b49-3957-4698-9df6-16d8cb21864e}</UniqueIdentifier>
    </Filter>
    <Filter Include="GameObject\UI">
      <UniqueIdentifier>{e1c40993-6147-4c6d-9d41-f929df134295}</UniqueIdentifier>
    </Filter>
    <Filter Include="GameObject\Component\UI">
      <UniqueIdentifier>{8ba303aa-97d3-4fe4-a2b8-7f10fd90c6ad}</UniqueIdentifier>
    </Filter>
    <Filter Include="GameObject\Component\UI\Masking">
      <UniqueIdentifier>{d51cf8d5-ce80-43f4-910a-d25f0b0f4acd}</UniqueIdentifier>
    </Filter>
    <Filter Include="Common\Object">
      <UniqueIdentifier>{527dd873-7fa4-41d9-8c66-2e3d22f8005a}</UniqueIdentifier>
    </Filter>
  </ItemGroup>
  <ItemGroup>
    <ClInclude Include="$(MSBuildThisFileDirectory)CommonInclude.h">
      <Filter>Common</Filter>
    </ClInclude>
    <ClInclude Include="$(MSBuildThisFileDirectory)sszEngine.h">
      <Filter>Common</Filter>
    </ClInclude>
    <ClInclude Include="$(MSBuildThisFileDirectory)sszEnums.h">
      <Filter>Common</Filter>
    </ClInclude>
    <ClInclude Include="$(MSBuildThisFileDirectory)sszMath.h">
      <Filter>Common\Math</Filter>
    </ClInclude>
    <ClInclude Include="$(MSBuildThisFileDirectory)sszApplication.h">
      <Filter>High Level Interface</Filter>
    </ClInclude>
    <ClInclude Include="$(MSBuildThisFileDirectory)sszEntity.h">
      <Filter>Common\Entity</Filter>
    </ClInclude>
    <ClInclude Include="$(MSBuildThisFileDirectory)sszInput.h">
      <Filter>Input</Filter>
    </ClInclude>
    <ClInclude Include="$(MSBuildThisFileDirectory)sszTime.h">
      <Filter>Common\Time</Filter>
    </ClInclude>
    <ClInclude Include="$(MSBuildThisFileDirectory)sszResource.h">
      <Filter>Resource</Filter>
    </ClInclude>
    <ClInclude Include="$(MSBuildThisFileDirectory)sszResources.h">
      <Filter>Resource\Resources</Filter>
    </ClInclude>
    <ClInclude Include="$(MSBuildThisFileDirectory)sszGraphics.h">
      <Filter>Graphics</Filter>
    </ClInclude>
    <ClInclude Include="$(MSBuildThisFileDirectory)sszMesh.h">
      <Filter>Resource\Mesh</Filter>
    </ClInclude>
    <ClInclude Include="$(MSBuildThisFileDirectory)sszShader.h">
      <Filter>Resource\Shader</Filter>
    </ClInclude>
    <ClInclude Include="$(MSBuildThisFileDirectory)sszConstantBuffer.h">
      <Filter>Graphics\ConstantBuffer</Filter>
    </ClInclude>
    <ClInclude Include="$(MSBuildThisFileDirectory)sszLayer.h">
      <Filter>Scene\Layer</Filter>
    </ClInclude>
    <ClInclude Include="$(MSBuildThisFileDirectory)sszScript.h">
      <Filter>GameObject\Component\Script</Filter>
    </ClInclude>
    <ClInclude Include="$(MSBuildThisFileDirectory)sszSceneManager.h">
      <Filter>Scene\Manager</Filter>
    </ClInclude>
    <ClInclude Include="$(MSBuildThisFileDirectory)sszScene.h">
      <Filter>Scene\Base</Filter>
    </ClInclude>
    <ClInclude Include="$(MSBuildThisFileDirectory)sszTexture.h">
      <Filter>Resource\Texture</Filter>
    </ClInclude>
    <ClInclude Include="$(MSBuildThisFileDirectory)sszMaterial.h">
      <Filter>Resource\Material</Filter>
    </ClInclude>
    <ClInclude Include="$(MSBuildThisFileDirectory)sszTransform.h">
      <Filter>GameObject\Component\Transform</Filter>
    </ClInclude>
    <ClInclude Include="$(MSBuildThisFileDirectory)sszMeshRenderer.h">
      <Filter>GameObject\Component\MeshRenderer</Filter>
    </ClInclude>
    <ClInclude Include="$(MSBuildThisFileDirectory)sszCamera.h">
      <Filter>GameObject\Component\Camera</Filter>
    </ClInclude>
    <ClInclude Include="$(MSBuildThisFileDirectory)sszComponent.h">
      <Filter>GameObject\Component\Base</Filter>
    </ClInclude>
    <ClInclude Include="$(MSBuildThisFileDirectory)sszGraphicDevice_Dx11.h">
      <Filter>Graphics\GraphicDevice</Filter>
    </ClInclude>
    <ClInclude Include="$(MSBuildThisFileDirectory)sszRenderer.h">
      <Filter>Graphics\Renderer</Filter>
    </ClInclude>
    <ClInclude Include="$(MSBuildThisFileDirectory)sszGameObject.h">
      <Filter>GameObject\Base</Filter>
    </ClInclude>
    <ClInclude Include="$(MSBuildThisFileDirectory)sszUI.h">
      <Filter>GameObject\UI</Filter>
    </ClInclude>
    <ClInclude Include="$(MSBuildThisFileDirectory)sszMasking.h">
      <Filter>GameObject\Component\UI\Masking</Filter>
    </ClInclude>
    <ClInclude Include="$(MSBuildThisFileDirectory)sszObject.h">
      <Filter>Common\Object</Filter>
    </ClInclude>
  </ItemGroup>
  <ItemGroup>
    <ClCompile Include="$(MSBuildThisFileDirectory)sszMath.cpp">
      <Filter>Common\Math</Filter>
    </ClCompile>
    <ClCompile Include="$(MSBuildThisFileDirectory)sszApplication.cpp">
      <Filter>High Level Interface</Filter>
    </ClCompile>
    <ClCompile Include="$(MSBuildThisFileDirectory)sszEntity.cpp">
      <Filter>Common\Entity</Filter>
    </ClCompile>
    <ClCompile Include="$(MSBuildThisFileDirectory)sszInput.cpp">
      <Filter>Input</Filter>
    </ClCompile>
    <ClCompile Include="$(MSBuildThisFileDirectory)sszTime.cpp">
      <Filter>Common\Time</Filter>
    </ClCompile>
    <ClCompile Include="$(MSBuildThisFileDirectory)sszResource.cpp">
      <Filter>Resource</Filter>
    </ClCompile>
    <ClCompile Include="$(MSBuildThisFileDirectory)sszResources.cpp">
      <Filter>Resource\Resources</Filter>
    </ClCompile>
    <ClCompile Include="$(MSBuildThisFileDirectory)sszMesh.cpp">
      <Filter>Resource\Mesh</Filter>
    </ClCompile>
    <ClCompile Include="$(MSBuildThisFileDirectory)sszShader.cpp">
      <Filter>Resource\Shader</Filter>
    </ClCompile>
    <ClCompile Include="$(MSBuildThisFileDirectory)sszConstantBuffer.cpp">
      <Filter>Graphics\ConstantBuffer</Filter>
    </ClCompile>
    <ClCompile Include="$(MSBuildThisFileDirectory)sszLayer.cpp">
      <Filter>Scene\Layer</Filter>
    </ClCompile>
    <ClCompile Include="$(MSBuildThisFileDirectory)sszScript.cpp">
      <Filter>GameObject\Component\Script</Filter>
    </ClCompile>
    <ClCompile Include="$(MSBuildThisFileDirectory)sszSceneManager.cpp">
      <Filter>Scene\Manager</Filter>
    </ClCompile>
    <ClCompile Include="$(MSBuildThisFileDirectory)sszScene.cpp">
      <Filter>Scene\Base</Filter>
    </ClCompile>
    <ClCompile Include="$(MSBuildThisFileDirectory)sszTexture.cpp">
      <Filter>Resource\Texture</Filter>
    </ClCompile>
    <ClCompile Include="$(MSBuildThisFileDirectory)sszMaterial.cpp">
      <Filter>Resource\Material</Filter>
    </ClCompile>
    <ClCompile Include="$(MSBuildThisFileDirectory)sszTransform.cpp">
      <Filter>GameObject\Component\Transform</Filter>
    </ClCompile>
    <ClCompile Include="$(MSBuildThisFileDirectory)sszMeshRenderer.cpp">
      <Filter>GameObject\Component\MeshRenderer</Filter>
    </ClCompile>
    <ClCompile Include="$(MSBuildThisFileDirectory)sszCamera.cpp">
      <Filter>GameObject\Component\Camera</Filter>
    </ClCompile>
    <ClCompile Include="$(MSBuildThisFileDirectory)sszComponent.cpp">
      <Filter>GameObject\Component\Base</Filter>
    </ClCompile>
    <ClCompile Include="$(MSBuildThisFileDirectory)sszGraphicDevice_Dx11.cpp">
      <Filter>Graphics\GraphicDevice</Filter>
    </ClCompile>
    <ClCompile Include="$(MSBuildThisFileDirectory)sszRenderer.cpp">
      <Filter>Graphics\Renderer</Filter>
    </ClCompile>
    <ClCompile Include="$(MSBuildThisFileDirectory)sszGameObject.cpp">
      <Filter>GameObject\Base</Filter>
    </ClCompile>
    <ClCompile Include="$(MSBuildThisFileDirectory)sszUI.cpp">
      <Filter>GameObject\UI</Filter>
    </ClCompile>
    <ClCompile Include="$(MSBuildThisFileDirectory)sszMasking.cpp">
      <Filter>GameObject\Component\UI\Masking</Filter>
    </ClCompile>
  </ItemGroup>
  <ItemGroup>
    <None Include="$(MSBuildThisFileDirectory)sszMath.inl">
      <Filter>Common\Math</Filter>
    </None>
  </ItemGroup>
</Project>