<?xml version="1.0" encoding="utf-8"?>
<Project ToolsVersion="4.0" xmlns="http://schemas.microsoft.com/developer/msbuild/2003">
  <ItemGroup>
    <Filter Include="Common">
      <UniqueIdentifier>{7147ca72-e18f-4125-979c-92ed5cfd60bb}</UniqueIdentifier>
    </Filter>
    <Filter Include="Common\Math">
      <UniqueIdentifier>{b4154ee6-4b19-45be-bf95-85754f8a8631}</UniqueIdentifier>
    </Filter>
    <Filter Include="Graphics">
      <UniqueIdentifier>{ff5487e5-ecb5-45eb-9f6b-f20f0ff34cfc}</UniqueIdentifier>
    </Filter>
    <Filter Include="High Level Interface">
      <UniqueIdentifier>{16300282-9fe6-4783-91b1-447ff751be6a}</UniqueIdentifier>
    </Filter>
    <Filter Include="Common\Entity">
      <UniqueIdentifier>{4f50f731-41c8-46c3-848d-1d3100899a86}</UniqueIdentifier>
    </Filter>
    <Filter Include="Input">
      <UniqueIdentifier>{53075aad-7f72-44c4-acf8-3f637af401fb}</UniqueIdentifier>
    </Filter>
    <Filter Include="Common\Time">
      <UniqueIdentifier>{2cefdafa-df06-4179-b150-db80b977e095}</UniqueIdentifier>
    </Filter>
    <Filter Include="Resource">
      <UniqueIdentifier>{638050be-c7e2-4e39-af23-36c1739da042}</UniqueIdentifier>
    </Filter>
    <Filter Include="Resource\Resources">
      <UniqueIdentifier>{62ccc597-e793-4dc8-bb94-8bebe3a31dcf}</UniqueIdentifier>
    </Filter>
    <Filter Include="Graphics\Mesh">
      <UniqueIdentifier>{49c0cff5-79a0-4bfa-9c54-587c864874a9}</UniqueIdentifier>
    </Filter>
    <Filter Include="Graphics\Shader">
      <UniqueIdentifier>{a7e297a9-001e-409c-967c-63350737360b}</UniqueIdentifier>
    </Filter>
    <Filter Include="Graphics\ConstantBuffer">
      <UniqueIdentifier>{87a3e707-55ef-470b-a2ed-e959a93e433e}</UniqueIdentifier>
    </Filter>
    <Filter Include="GameObject">
      <UniqueIdentifier>{1e0d0749-ab27-4693-a719-62e55f34edee}</UniqueIdentifier>
    </Filter>
    <Filter Include="GameObject\Component">
      <UniqueIdentifier>{3adb68a6-7ed5-40b1-95c0-715ec03c4428}</UniqueIdentifier>
    </Filter>
    <Filter Include="GameObject\Component\Script">
      <UniqueIdentifier>{824299bf-5a99-42a1-a875-4f74f1ca948b}</UniqueIdentifier>
    </Filter>
    <Filter Include="Scene">
      <UniqueIdentifier>{b41a1705-eaf2-4932-8d38-f9e0bfe6e0fc}</UniqueIdentifier>
    </Filter>
    <Filter Include="Scene\Layer">
      <UniqueIdentifier>{655b6500-4c76-4870-ac79-bfc4606ef86c}</UniqueIdentifier>
    </Filter>
  </ItemGroup>
  <ItemGroup>
    <ClInclude Include="$(MSBuildThisFileDirectory)CommonInclude.h">
      <Filter>Common</Filter>
    </ClInclude>
    <ClInclude Include="$(MSBuildThisFileDirectory)660Engine.h">
      <Filter>Common</Filter>
    </ClInclude>
    <ClInclude Include="$(MSBuildThisFileDirectory)yaEnums.h">
      <Filter>Common</Filter>
    </ClInclude>
    <ClInclude Include="$(MSBuildThisFileDirectory)yaMath.h">
      <Filter>Common\Math</Filter>
    </ClInclude>
    <ClInclude Include="$(MSBuildThisFileDirectory)yaApplication.h">
      <Filter>High Level Interface</Filter>
    </ClInclude>
    <ClInclude Include="$(MSBuildThisFileDirectory)yaEntity.h">
      <Filter>Common\Entity</Filter>
    </ClInclude>
    <ClInclude Include="$(MSBuildThisFileDirectory)yaInput.h">
      <Filter>Input</Filter>
    </ClInclude>
    <ClInclude Include="$(MSBuildThisFileDirectory)yaTime.h">
      <Filter>Common\Time</Filter>
    </ClInclude>
    <ClInclude Include="$(MSBuildThisFileDirectory)yaResource.h">
      <Filter>Resource</Filter>
    </ClInclude>
    <ClInclude Include="$(MSBuildThisFileDirectory)yaResources.h">
      <Filter>Resource\Resources</Filter>
    </ClInclude>
    <ClInclude Include="$(MSBuildThisFileDirectory)yaGraphics.h">
      <Filter>Graphics</Filter>
    </ClInclude>
    <ClInclude Include="$(MSBuildThisFileDirectory)yaGraphicDevice_Dx11.h">
      <Filter>Graphics</Filter>
    </ClInclude>
    <ClInclude Include="$(MSBuildThisFileDirectory)yaRenderer.h">
      <Filter>Graphics</Filter>
    </ClInclude>
    <ClInclude Include="$(MSBuildThisFileDirectory)yaMesh.h">
      <Filter>Graphics\Mesh</Filter>
    </ClInclude>
    <ClInclude Include="$(MSBuildThisFileDirectory)yaShader.h">
      <Filter>Graphics\Shader</Filter>
    </ClInclude>
    <ClInclude Include="$(MSBuildThisFileDirectory)yaConstantBuffer.h">
      <Filter>Graphics\ConstantBuffer</Filter>
    </ClInclude>
    <ClInclude Include="$(MSBuildThisFileDirectory)yaGameObject.h">
      <Filter>GameObject</Filter>
    </ClInclude>
    <ClInclude Include="$(MSBuildThisFileDirectory)yaComponent.h">
      <Filter>GameObject\Component</Filter>
    </ClInclude>
    <ClInclude Include="$(MSBuildThisFileDirectory)yaScript.h">
      <Filter>GameObject\Component\Script</Filter>
    </ClInclude>
    <ClInclude Include="$(MSBuildThisFileDirectory)yaSceneManager.h">
      <Filter>Scene</Filter>
    </ClInclude>
    <ClInclude Include="$(MSBuildThisFileDirectory)yaScene.h">
      <Filter>Scene</Filter>
    </ClInclude>
    <ClInclude Include="$(MSBuildThisFileDirectory)yaLayer.h">
      <Filter>Scene\Layer</Filter>
    </ClInclude>
  </ItemGroup>
  <ItemGroup>
    <ClCompile Include="$(MSBuildThisFileDirectory)yaMath.cpp">
      <Filter>Common\Math</Filter>
    </ClCompile>
    <ClCompile Include="$(MSBuildThisFileDirectory)yaApplication.cpp">
      <Filter>High Level Interface</Filter>
    </ClCompile>
    <ClCompile Include="$(MSBuildThisFileDirectory)yaEntity.cpp">
      <Filter>Common\Entity</Filter>
    </ClCompile>
    <ClCompile Include="$(MSBuildThisFileDirectory)yaInput.cpp">
      <Filter>Input</Filter>
    </ClCompile>
    <ClCompile Include="$(MSBuildThisFileDirectory)yaTime.cpp">
      <Filter>Common\Time</Filter>
    </ClCompile>
    <ClCompile Include="$(MSBuildThisFileDirectory)yaResource.cpp">
      <Filter>Resource</Filter>
    </ClCompile>
    <ClCompile Include="$(MSBuildThisFileDirectory)yaResources.cpp">
      <Filter>Resource\Resources</Filter>
    </ClCompile>
    <ClCompile Include="$(MSBuildThisFileDirectory)yaGraphicDevice_Dx11.cpp">
      <Filter>Graphics</Filter>
    </ClCompile>
    <ClCompile Include="$(MSBuildThisFileDirectory)yaRenderer.cpp">
      <Filter>Graphics</Filter>
    </ClCompile>
    <ClCompile Include="$(MSBuildThisFileDirectory)yaMesh.cpp">
      <Filter>Graphics\Mesh</Filter>
    </ClCompile>
    <ClCompile Include="$(MSBuildThisFileDirectory)yaShader.cpp">
      <Filter>Graphics\Shader</Filter>
    </ClCompile>
    <ClCompile Include="$(MSBuildThisFileDirectory)yaConstantBuffer.cpp">
      <Filter>Graphics\ConstantBuffer</Filter>
    </ClCompile>
    <ClCompile Include="$(MSBuildThisFileDirectory)yaGameObject.cpp">
      <Filter>GameObject</Filter>
    </ClCompile>
    <ClCompile Include="$(MSBuildThisFileDirectory)yaComponent.cpp">
      <Filter>GameObject\Component</Filter>
    </ClCompile>
    <ClCompile Include="$(MSBuildThisFileDirectory)yaScript.cpp">
      <Filter>GameObject\Component\Script</Filter>
    </ClCompile>
    <ClCompile Include="$(MSBuildThisFileDirectory)yaScene.cpp">
      <Filter>Scene</Filter>
    </ClCompile>
    <ClCompile Include="$(MSBuildThisFileDirectory)yaSceneManager.cpp">
      <Filter>Scene</Filter>
    </ClCompile>
    <ClCompile Include="$(MSBuildThisFileDirectory)yaLayer.cpp">
      <Filter>Scene\Layer</Filter>
    </ClCompile>
  </ItemGroup>
  <ItemGroup>
    <None Include="$(MSBuildThisFileDirectory)yaMath.inl">
      <Filter>Common\Math</Filter>
    </None>
  </ItemGroup>
</Project>